
Microsoft Visual Studio Solution File, Format Version 12.00
# Visual Studio Version 16
VisualStudioVersion = 16.0.29230.47
MinimumVisualStudioVersion = 10.0.40219.1
Project("{FAE04EC0-301F-11D3-BF4B-00C04F79EFBC}") = "HSD_question", "HSD_question\HSD_question.csproj", "{1A854A46-7EC6-485E-A7D0-36A51A5B67FD}"
EndProject
Global
	GlobalSection(SolutionConfigurationPlatforms) = preSolution
		Debug|Any CPU = Debug|Any CPU
		Release|Any CPU = Release|Any CPU
	EndGlobalSection
	GlobalSection(ProjectConfigurationPlatforms) = postSolution
		{1A854A46-7EC6-485E-A7D0-36A51A5B67FD}.Debug|Any CPU.ActiveCfg = Debug|Any CPU
		{1A854A46-7EC6-485E-A7D0-36A51A5B67FD}.Debug|Any CPU.Build.0 = Debug|Any CPU
		{1A854A46-7EC6-485E-A7D0-36A51A5B67FD}.Release|Any CPU.ActiveCfg = Release|Any CPU
		{1A854A46-7EC6-485E-A7D0-36A51A5B67FD}.Release|Any CPU.Build.0 = Release|Any CPU
	EndGlobalSection
	GlobalSection(SolutionProperties) = preSolution
		HideSolutionNode = FALSE
	EndGlobalSection
	GlobalSection(ExtensibilityGlobals) = postSolution
		SolutionGuid = {2B83C10A-D2BC-4C7C-93DF-8A4CD5E0B14F}
	EndGlobalSection
EndGlobal
